
Microsoft Visual Studio Solution File, Format Version 12.00
# Visual Studio Version 16
VisualStudioVersion = 16.0.29806.167
MinimumVisualStudioVersion = 10.0.40219.1
Project("{FAE04EC0-301F-11D3-BF4B-00C04F79EFBC}") = "Usuarios", "Usuarios\Usuarios.csproj", "{50F33066-0D8E-471A-A6B1-CB8B9037B4B1}"
EndProject
Global
	GlobalSection(SolutionConfigurationPlatforms) = preSolution
		Debug|Any CPU = Debug|Any CPU
		Release|Any CPU = Release|Any CPU
	EndGlobalSection
	GlobalSection(ProjectConfigurationPlatforms) = postSolution
		{50F33066-0D8E-471A-A6B1-CB8B9037B4B1}.Debug|Any CPU.ActiveCfg = Debug|Any CPU
		{50F33066-0D8E-471A-A6B1-CB8B9037B4B1}.Debug|Any CPU.Build.0 = Debug|Any CPU
		{50F33066-0D8E-471A-A6B1-CB8B9037B4B1}.Release|Any CPU.ActiveCfg = Release|Any CPU
		{50F33066-0D8E-471A-A6B1-CB8B9037B4B1}.Release|Any CPU.Build.0 = Release|Any CPU
	EndGlobalSection
	GlobalSection(SolutionProperties) = preSolution
		HideSolutionNode = FALSE
	EndGlobalSection
	GlobalSection(ExtensibilityGlobals) = postSolution
		SolutionGuid = {B86C2F2D-B925-455A-9614-9B20D3485C99}
	EndGlobalSection
EndGlobal
